// !$*UTF8*$!
{
	archiveVersion = 1;
	classes = {
	};
	objectVersion = 77;
	objects = {

/* Begin PBXBuildFile section */
		3758D5522E37CF4F00A13342 /* FirebaseStorage in Frameworks */ = {isa = PBXBuildFile; productRef = 3758D5512E37CF4F00A13342 /* FirebaseStorage */; };
		376A14532D6DEF01006292F8 /* FirebaseAnalytics in Frameworks */ = {isa = PBXBuildFile; productRef = 376A14522D6DEF01006292F8 /* FirebaseAnalytics */; };
		376A14552D6DEF01006292F8 /* FirebaseAnalyticsWithoutAdIdSupport in Frameworks */ = {isa = PBXBuildFile; productRef = 376A14542D6DEF01006292F8 /* FirebaseAnalyticsWithoutAdIdSupport */; };
		376A14572D6DEF01006292F8 /* FirebaseCore in Frameworks */ = {isa = PBXBuildFile; productRef = 376A14562D6DEF01006292F8 /* FirebaseCore */; };
		37CDFC952D99DB5500A3226C /* FirebaseAuth in Frameworks */ = {isa = PBXBuildFile; productRef = 37CDFC942D99DB5500A3226C /* FirebaseAuth */; };
		37CDFC972D99DC0C00A3226C /* FirebaseFirestore in Frameworks */ = {isa = PBXBuildFile; productRef = 37CDFC962D99DC0C00A3226C /* FirebaseFirestore */; };
		37CDFCAC2D99E51A00A3226C /* GoogleSignIn in Frameworks */ = {isa = PBXBuildFile; productRef = 37CDFCAB2D99E51A00A3226C /* GoogleSignIn */; };
		37CDFCAE2D99E51A00A3226C /* GoogleSignInSwift in Frameworks */ = {isa = PBXBuildFile; productRef = 37CDFCAD2D99E51A00A3226C /* GoogleSignInSwift */; };
/* End PBXBuildFile section */

/* Begin PBXContainerItemProxy section */
		3720920E2DAAFC8D00C19D81 /* PBXContainerItemProxy */ = {
			isa = PBXContainerItemProxy;
			containerPortal = 37AE6DFD2D5D40810003C065 /* Project object */;
			proxyType = 1;
			remoteGlobalIDString = 37AE6E042D5D40810003C065;
			remoteInfo = Goalympians;
		};
/* End PBXContainerItemProxy section */

/* Begin PBXFileReference section */
		3720920A2DAAFC8D00C19D81 /* Golympians_Tests.xctest */ = {isa = PBXFileReference; explicitFileType = wrapper.cfbundle; includeInIndex = 0; path = Golympians_Tests.xctest; sourceTree = BUILT_PRODUCTS_DIR; };
		37AE6E052D5D40810003C065 /* Golympians.app */ = {isa = PBXFileReference; explicitFileType = wrapper.application; includeInIndex = 0; path = Golympians.app; sourceTree = BUILT_PRODUCTS_DIR; };
/* End PBXFileReference section */

/* Begin PBXFileSystemSynchronizedBuildFileExceptionSet section */
		3750BF022E187B180073D7D9 /* Exceptions for "Golympians" folder in "Golympians" target */ = {
			isa = PBXFileSystemSynchronizedBuildFileExceptionSet;
			membershipExceptions = (
				Info.plist,
			);
			target = 37AE6E042D5D40810003C065 /* Golympians */;
		};
/* End PBXFileSystemSynchronizedBuildFileExceptionSet section */

/* Begin PBXFileSystemSynchronizedRootGroup section */
		3720920B2DAAFC8D00C19D81 /* Golympians_Tests */ = {
			isa = PBXFileSystemSynchronizedRootGroup;
			path = Golympians_Tests;
			sourceTree = "<group>";
		};
		37AE6E072D5D40810003C065 /* Golympians */ = {
			isa = PBXFileSystemSynchronizedRootGroup;
			exceptions = (
				3750BF022E187B180073D7D9 /* Exceptions for "Golympians" folder in "Golympians" target */,
			);
			path = Golympians;
			sourceTree = "<group>";
		};
/* End PBXFileSystemSynchronizedRootGroup section */

/* Begin PBXFrameworksBuildPhase section */
		372092072DAAFC8D00C19D81 /* Frameworks */ = {
			isa = PBXFrameworksBuildPhase;
			buildActionMask = 2147483647;
			files = (
			);
			runOnlyForDeploymentPostprocessing = 0;
		};
		37AE6E022D5D40810003C065 /* Frameworks */ = {
			isa = PBXFrameworksBuildPhase;
			buildActionMask = 2147483647;
			files = (
				376A14532D6DEF01006292F8 /* FirebaseAnalytics in Frameworks */,
				376A14572D6DEF01006292F8 /* FirebaseCore in Frameworks */,
				37CDFCAE2D99E51A00A3226C /* GoogleSignInSwift in Frameworks */,
				376A14552D6DEF01006292F8 /* FirebaseAnalyticsWithoutAdIdSupport in Frameworks */,
				37CDFC972D99DC0C00A3226C /* FirebaseFirestore in Frameworks */,
				3758D5522E37CF4F00A13342 /* FirebaseStorage in Frameworks */,
				37CDFC952D99DB5500A3226C /* FirebaseAuth in Frameworks */,
				37CDFCAC2D99E51A00A3226C /* GoogleSignIn in Frameworks */,
			);
			runOnlyForDeploymentPostprocessing = 0;
		};
/* End PBXFrameworksBuildPhase section */

/* Begin PBXGroup section */
		37AE6DFC2D5D40810003C065 = {
			isa = PBXGroup;
			children = (
				37AE6E072D5D40810003C065 /* Golympians */,
				3720920B2DAAFC8D00C19D81 /* Golympians_Tests */,
				37CDFC932D99DB5500A3226C /* Frameworks */,
				37AE6E062D5D40810003C065 /* Products */,
			);
			sourceTree = "<group>";
		};
		37AE6E062D5D40810003C065 /* Products */ = {
			isa = PBXGroup;
			children = (
				37AE6E052D5D40810003C065 /* Golympians.app */,
				3720920A2DAAFC8D00C19D81 /* Golympians_Tests.xctest */,
			);
			name = Products;
			sourceTree = "<group>";
		};
		37CDFC932D99DB5500A3226C /* Frameworks */ = {
			isa = PBXGroup;
			children = (
			);
			name = Frameworks;
			sourceTree = "<group>";
		};
/* End PBXGroup section */

/* Begin PBXNativeTarget section */
		372092092DAAFC8D00C19D81 /* Golympians_Tests */ = {
			isa = PBXNativeTarget;
			buildConfigurationList = 372092122DAAFC8D00C19D81 /* Build configuration list for PBXNativeTarget "Golympians_Tests" */;
			buildPhases = (
				372092062DAAFC8D00C19D81 /* Sources */,
				372092072DAAFC8D00C19D81 /* Frameworks */,
				372092082DAAFC8D00C19D81 /* Resources */,
			);
			buildRules = (
			);
			dependencies = (
				3720920F2DAAFC8D00C19D81 /* PBXTargetDependency */,
			);
			fileSystemSynchronizedGroups = (
				3720920B2DAAFC8D00C19D81 /* Golympians_Tests */,
			);
			name = Golympians_Tests;
			packageProductDependencies = (
			);
			productName = Goalympians_Tests;
			productReference = 3720920A2DAAFC8D00C19D81 /* Golympians_Tests.xctest */;
			productType = "com.apple.product-type.bundle.unit-test";
		};
		37AE6E042D5D40810003C065 /* Golympians */ = {
			isa = PBXNativeTarget;
			buildConfigurationList = 37AE6E132D5D40820003C065 /* Build configuration list for PBXNativeTarget "Golympians" */;
			buildPhases = (
				37AE6E012D5D40810003C065 /* Sources */,
				37AE6E022D5D40810003C065 /* Frameworks */,
				37AE6E032D5D40810003C065 /* Resources */,
			);
			buildRules = (
			);
			dependencies = (
			);
			fileSystemSynchronizedGroups = (
				37AE6E072D5D40810003C065 /* Golympians */,
			);
			name = Golympians;
			packageProductDependencies = (
				376A14522D6DEF01006292F8 /* FirebaseAnalytics */,
				376A14542D6DEF01006292F8 /* FirebaseAnalyticsWithoutAdIdSupport */,
				376A14562D6DEF01006292F8 /* FirebaseCore */,
				37CDFC942D99DB5500A3226C /* FirebaseAuth */,
				37CDFC962D99DC0C00A3226C /* FirebaseFirestore */,
				37CDFCAB2D99E51A00A3226C /* GoogleSignIn */,
				37CDFCAD2D99E51A00A3226C /* GoogleSignInSwift */,
				3758D5512E37CF4F00A13342 /* FirebaseStorage */,
			);
			productName = Goalympians;
			productReference = 37AE6E052D5D40810003C065 /* Golympians.app */;
			productType = "com.apple.product-type.application";
		};
/* End PBXNativeTarget section */

/* Begin PBXProject section */
		37AE6DFD2D5D40810003C065 /* Project object */ = {
			isa = PBXProject;
			attributes = {
				BuildIndependentTargetsInParallel = 1;
				LastSwiftUpdateCheck = 1600;
				LastUpgradeCheck = 1640;
				TargetAttributes = {
					372092092DAAFC8D00C19D81 = {
						CreatedOnToolsVersion = 16.0;
						TestTargetID = 37AE6E042D5D40810003C065;
					};
					37AE6E042D5D40810003C065 = {
						CreatedOnToolsVersion = 16.0;
					};
				};
			};
			buildConfigurationList = 37AE6E002D5D40810003C065 /* Build configuration list for PBXProject "Golympians" */;
			developmentRegion = en;
			hasScannedForEncodings = 0;
			knownRegions = (
				en,
				Base,
			);
			mainGroup = 37AE6DFC2D5D40810003C065;
			minimizedProjectReferenceProxies = 1;
			packageReferences = (
				376A14512D6DEE55006292F8 /* XCRemoteSwiftPackageReference "firebase-ios-sdk" */,
				37CDFCAA2D99E51A00A3226C /* XCRemoteSwiftPackageReference "GoogleSignIn-iOS" */,
			);
			preferredProjectObjectVersion = 77;
			productRefGroup = 37AE6E062D5D40810003C065 /* Products */;
			projectDirPath = "";
			projectRoot = "";
			targets = (
				37AE6E042D5D40810003C065 /* Golympians */,
				372092092DAAFC8D00C19D81 /* Golympians_Tests */,
			);
		};
/* End PBXProject section */

/* Begin PBXResourcesBuildPhase section */
		372092082DAAFC8D00C19D81 /* Resources */ = {
			isa = PBXResourcesBuildPhase;
			buildActionMask = 2147483647;
			files = (
			);
			runOnlyForDeploymentPostprocessing = 0;
		};
		37AE6E032D5D40810003C065 /* Resources */ = {
			isa = PBXResourcesBuildPhase;
			buildActionMask = 2147483647;
			files = (
			);
			runOnlyForDeploymentPostprocessing = 0;
		};
/* End PBXResourcesBuildPhase section */

/* Begin PBXSourcesBuildPhase section */
		372092062DAAFC8D00C19D81 /* Sources */ = {
			isa = PBXSourcesBuildPhase;
			buildActionMask = 2147483647;
			files = (
			);
			runOnlyForDeploymentPostprocessing = 0;
		};
		37AE6E012D5D40810003C065 /* Sources */ = {
			isa = PBXSourcesBuildPhase;
			buildActionMask = 2147483647;
			files = (
			);
			runOnlyForDeploymentPostprocessing = 0;
		};
/* End PBXSourcesBuildPhase section */

/* Begin PBXTargetDependency section */
		3720920F2DAAFC8D00C19D81 /* PBXTargetDependency */ = {
			isa = PBXTargetDependency;
			target = 37AE6E042D5D40810003C065 /* Golympians */;
			targetProxy = 3720920E2DAAFC8D00C19D81 /* PBXContainerItemProxy */;
		};
/* End PBXTargetDependency section */

/* Begin XCBuildConfiguration section */
		372092102DAAFC8D00C19D81 /* Debug */ = {
			isa = XCBuildConfiguration;
			buildSettings = {
				BUNDLE_LOADER = "$(TEST_HOST)";
				CODE_SIGN_STYLE = Automatic;
				CURRENT_PROJECT_VERSION = 1;
				GENERATE_INFOPLIST_FILE = YES;
				MARKETING_VERSION = 1.0;
				PRODUCT_BUNDLE_IDENTIFIER = "com.example.Goalympians-Tests";
				PRODUCT_NAME = "$(TARGET_NAME)";
				SWIFT_EMIT_LOC_STRINGS = NO;
				SWIFT_VERSION = 5.0;
				TARGETED_DEVICE_FAMILY = "1,2";
				TEST_HOST = "$(BUILT_PRODUCTS_DIR)/Golympians.app/$(BUNDLE_EXECUTABLE_FOLDER_PATH)/Golympians";
			};
			name = Debug;
		};
		372092112DAAFC8D00C19D81 /* Release */ = {
			isa = XCBuildConfiguration;
			buildSettings = {
				BUNDLE_LOADER = "$(TEST_HOST)";
				CODE_SIGN_STYLE = Automatic;
				CURRENT_PROJECT_VERSION = 1;
				GENERATE_INFOPLIST_FILE = YES;
				MARKETING_VERSION = 1.0;
				PRODUCT_BUNDLE_IDENTIFIER = "com.example.Goalympians-Tests";
				PRODUCT_NAME = "$(TARGET_NAME)";
				SWIFT_EMIT_LOC_STRINGS = NO;
				SWIFT_VERSION = 5.0;
				TARGETED_DEVICE_FAMILY = "1,2";
				TEST_HOST = "$(BUILT_PRODUCTS_DIR)/Golympians.app/$(BUNDLE_EXECUTABLE_FOLDER_PATH)/Golympians";
			};
			name = Release;
		};
		37AE6E112D5D40820003C065 /* Debug */ = {
			isa = XCBuildConfiguration;
			buildSettings = {
				ALWAYS_SEARCH_USER_PATHS = NO;
				ASSETCATALOG_COMPILER_GENERATE_SWIFT_ASSET_SYMBOL_EXTENSIONS = YES;
				CLANG_ANALYZER_NONNULL = YES;
				CLANG_ANALYZER_NUMBER_OBJECT_CONVERSION = YES_AGGRESSIVE;
				CLANG_CXX_LANGUAGE_STANDARD = "gnu++20";
				CLANG_ENABLE_MODULES = YES;
				CLANG_ENABLE_OBJC_ARC = YES;
				CLANG_ENABLE_OBJC_WEAK = YES;
				CLANG_WARN_BLOCK_CAPTURE_AUTORELEASING = YES;
				CLANG_WARN_BOOL_CONVERSION = YES;
				CLANG_WARN_COMMA = YES;
				CLANG_WARN_CONSTANT_CONVERSION = YES;
				CLANG_WARN_DEPRECATED_OBJC_IMPLEMENTATIONS = YES;
				CLANG_WARN_DIRECT_OBJC_ISA_USAGE = YES_ERROR;
				CLANG_WARN_DOCUMENTATION_COMMENTS = YES;
				CLANG_WARN_EMPTY_BODY = YES;
				CLANG_WARN_ENUM_CONVERSION = YES;
				CLANG_WARN_INFINITE_RECURSION = YES;
				CLANG_WARN_INT_CONVERSION = YES;
				CLANG_WARN_NON_LITERAL_NULL_CONVERSION = YES;
				CLANG_WARN_OBJC_IMPLICIT_RETAIN_SELF = YES;
				CLANG_WARN_OBJC_LITERAL_CONVERSION = YES;
				CLANG_WARN_OBJC_ROOT_CLASS = YES_ERROR;
				CLANG_WARN_QUOTED_INCLUDE_IN_FRAMEWORK_HEADER = YES;
				CLANG_WARN_RANGE_LOOP_ANALYSIS = YES;
				CLANG_WARN_STRICT_PROTOTYPES = YES;
				CLANG_WARN_SUSPICIOUS_MOVE = YES;
				CLANG_WARN_UNGUARDED_AVAILABILITY = YES_AGGRESSIVE;
				CLANG_WARN_UNREACHABLE_CODE = YES;
				CLANG_WARN__DUPLICATE_METHOD_MATCH = YES;
				CODE_SIGN_ENTITLEMENTS = "";
				COPY_PHASE_STRIP = NO;
				DEBUG_INFORMATION_FORMAT = "dwarf-with-dsym";
				DEVELOPMENT_TEAM = CL3NY4NNNY;
				ENABLE_STRICT_OBJC_MSGSEND = YES;
				ENABLE_TESTABILITY = YES;
				ENABLE_USER_SCRIPT_SANDBOXING = YES;
				GCC_C_LANGUAGE_STANDARD = gnu17;
				GCC_DYNAMIC_NO_PIC = NO;
				GCC_NO_COMMON_BLOCKS = YES;
				GCC_OPTIMIZATION_LEVEL = 0;
				GCC_PREPROCESSOR_DEFINITIONS = (
					"DEBUG=1",
					"$(inherited)",
				);
				GCC_WARN_64_TO_32_BIT_CONVERSION = YES;
				GCC_WARN_ABOUT_RETURN_TYPE = YES_ERROR;
				GCC_WARN_UNDECLARED_SELECTOR = YES;
				GCC_WARN_UNINITIALIZED_AUTOS = YES_AGGRESSIVE;
				GCC_WARN_UNUSED_FUNCTION = YES;
				GCC_WARN_UNUSED_VARIABLE = YES;
				IPHONEOS_DEPLOYMENT_TARGET = 18.0;
				LOCALIZATION_PREFERS_STRING_CATALOGS = YES;
				MTL_ENABLE_DEBUG_INFO = INCLUDE_SOURCE;
				MTL_FAST_MATH = YES;
				ONLY_ACTIVE_ARCH = YES;
				SDKROOT = iphoneos;
				SWIFT_ACTIVE_COMPILATION_CONDITIONS = "DEBUG $(inherited)";
				SWIFT_OPTIMIZATION_LEVEL = "-Onone";
			};
			name = Debug;
		};
		37AE6E122D5D40820003C065 /* Release */ = {
			isa = XCBuildConfiguration;
			buildSettings = {
				ALWAYS_SEARCH_USER_PATHS = NO;
				ASSETCATALOG_COMPILER_GENERATE_SWIFT_ASSET_SYMBOL_EXTENSIONS = YES;
				CLANG_ANALYZER_NONNULL = YES;
				CLANG_ANALYZER_NUMBER_OBJECT_CONVERSION = YES_AGGRESSIVE;
				CLANG_CXX_LANGUAGE_STANDARD = "gnu++20";
				CLANG_ENABLE_MODULES = YES;
				CLANG_ENABLE_OBJC_ARC = YES;
				CLANG_ENABLE_OBJC_WEAK = YES;
				CLANG_WARN_BLOCK_CAPTURE_AUTORELEASING = YES;
				CLANG_WARN_BOOL_CONVERSION = YES;
				CLANG_WARN_COMMA = YES;
				CLANG_WARN_CONSTANT_CONVERSION = YES;
				CLANG_WARN_DEPRECATED_OBJC_IMPLEMENTATIONS = YES;
				CLANG_WARN_DIRECT_OBJC_ISA_USAGE = YES_ERROR;
				CLANG_WARN_DOCUMENTATION_COMMENTS = YES;
				CLANG_WARN_EMPTY_BODY = YES;
				CLANG_WARN_ENUM_CONVERSION = YES;
				CLANG_WARN_INFINITE_RECURSION = YES;
				CLANG_WARN_INT_CONVERSION = YES;
				CLANG_WARN_NON_LITERAL_NULL_CONVERSION = YES;
				CLANG_WARN_OBJC_IMPLICIT_RETAIN_SELF = YES;
				CLANG_WARN_OBJC_LITERAL_CONVERSION = YES;
				CLANG_WARN_OBJC_ROOT_CLASS = YES_ERROR;
				CLANG_WARN_QUOTED_INCLUDE_IN_FRAMEWORK_HEADER = YES;
				CLANG_WARN_RANGE_LOOP_ANALYSIS = YES;
				CLANG_WARN_STRICT_PROTOTYPES = YES;
				CLANG_WARN_SUSPICIOUS_MOVE = YES;
				CLANG_WARN_UNGUARDED_AVAILABILITY = YES_AGGRESSIVE;
				CLANG_WARN_UNREACHABLE_CODE = YES;
				CLANG_WARN__DUPLICATE_METHOD_MATCH = YES;
				CODE_SIGN_ENTITLEMENTS = "";
				COPY_PHASE_STRIP = NO;
				DEBUG_INFORMATION_FORMAT = "dwarf-with-dsym";
				DEVELOPMENT_TEAM = CL3NY4NNNY;
				ENABLE_NS_ASSERTIONS = NO;
				ENABLE_STRICT_OBJC_MSGSEND = YES;
				ENABLE_USER_SCRIPT_SANDBOXING = YES;
				GCC_C_LANGUAGE_STANDARD = gnu17;
				GCC_NO_COMMON_BLOCKS = YES;
				GCC_WARN_64_TO_32_BIT_CONVERSION = YES;
				GCC_WARN_ABOUT_RETURN_TYPE = YES_ERROR;
				GCC_WARN_UNDECLARED_SELECTOR = YES;
				GCC_WARN_UNINITIALIZED_AUTOS = YES_AGGRESSIVE;
				GCC_WARN_UNUSED_FUNCTION = YES;
				GCC_WARN_UNUSED_VARIABLE = YES;
				IPHONEOS_DEPLOYMENT_TARGET = 18.0;
				LOCALIZATION_PREFERS_STRING_CATALOGS = YES;
				MTL_ENABLE_DEBUG_INFO = NO;
				MTL_FAST_MATH = YES;
				SDKROOT = iphoneos;
				SWIFT_COMPILATION_MODE = wholemodule;
				VALIDATE_PRODUCT = YES;
			};
			name = Release;
		};
		37AE6E142D5D40820003C065 /* Debug */ = {
			isa = XCBuildConfiguration;
			buildSettings = {
				ASSETCATALOG_COMPILER_APPICON_NAME = AppIcon;
				ASSETCATALOG_COMPILER_GLOBAL_ACCENT_COLOR_NAME = AccentColor;
				ASSETCATALOG_COMPILER_INCLUDE_ALL_APPICON_ASSETS = YES;
				CODE_SIGN_ENTITLEMENTS = Golympians/Golympians.entitlements;
				CODE_SIGN_IDENTITY = "Apple Development";
				CODE_SIGN_STYLE = Automatic;
				CURRENT_PROJECT_VERSION = 1;
				DEBUG_INFORMATION_FORMAT = "dwarf-with-dsym";
				DEVELOPMENT_ASSET_PATHS = "\"Golympians/Preview Content\"";
				DEVELOPMENT_TEAM = CL3NY4NNNY;
				ENABLE_PREVIEWS = YES;
				ENABLE_USER_SCRIPT_SANDBOXING = NO;
				GENERATE_INFOPLIST_FILE = YES;
				INFOPLIST_FILE = Golympians/Info.plist;
				INFOPLIST_KEY_CFBundleDisplayName = Golympians;
				INFOPLIST_KEY_LSApplicationCategoryType = "public.app-category.healthcare-fitness";
				INFOPLIST_KEY_NSHealthShareUsageDescription = "Please allow access to step count information.";
				INFOPLIST_KEY_UIApplicationSceneManifest_Generation = YES;
				INFOPLIST_KEY_UIApplicationSupportsIndirectInputEvents = YES;
				INFOPLIST_KEY_UILaunchScreen_Generation = YES;
				INFOPLIST_KEY_UISupportedInterfaceOrientations_iPad = "UIInterfaceOrientationPortrait UIInterfaceOrientationPortraitUpsideDown UIInterfaceOrientationLandscapeLeft UIInterfaceOrientationLandscapeRight";
				INFOPLIST_KEY_UISupportedInterfaceOrientations_iPhone = "UIInterfaceOrientationPortrait UIInterfaceOrientationLandscapeLeft UIInterfaceOrientationLandscapeRight";
				LD_RUNPATH_SEARCH_PATHS = (
					"$(inherited)",
					"@executable_path/Frameworks",
				);
				MARKETING_VERSION = 0.2;
				PRODUCT_BUNDLE_IDENTIFIER = com.example.Golympians;
				PRODUCT_NAME = "$(TARGET_NAME)";
				PROVISIONING_PROFILE_SPECIFIER = "";
				SWIFT_EMIT_LOC_STRINGS = YES;
				SWIFT_VERSION = 5.0;
				TARGETED_DEVICE_FAMILY = "1,2";
			};
			name = Debug;
		};
		37AE6E152D5D40820003C065 /* Release */ = {
			isa = XCBuildConfiguration;
			buildSettings = {
				ASSETCATALOG_COMPILER_APPICON_NAME = AppIcon;
				ASSETCATALOG_COMPILER_GLOBAL_ACCENT_COLOR_NAME = AccentColor;
				ASSETCATALOG_COMPILER_INCLUDE_ALL_APPICON_ASSETS = YES;
				CODE_SIGN_ENTITLEMENTS = Golympians/Golympians.entitlements;
				CODE_SIGN_IDENTITY = "Apple Development";
				CODE_SIGN_STYLE = Automatic;
				CURRENT_PROJECT_VERSION = 1;
				DEVELOPMENT_ASSET_PATHS = "\"Golympians/Preview Content\"";
				DEVELOPMENT_TEAM = CL3NY4NNNY;
				ENABLE_PREVIEWS = YES;
				ENABLE_USER_SCRIPT_SANDBOXING = NO;
				GENERATE_INFOPLIST_FILE = YES;
				INFOPLIST_FILE = Golympians/Info.plist;
				INFOPLIST_KEY_CFBundleDisplayName = Golympians;
				INFOPLIST_KEY_LSApplicationCategoryType = "public.app-category.healthcare-fitness";
				INFOPLIST_KEY_NSHealthShareUsageDescription = "Please allow access to step count information.";
				INFOPLIST_KEY_UIApplicationSceneManifest_Generation = YES;
				INFOPLIST_KEY_UIApplicationSupportsIndirectInputEvents = YES;
				INFOPLIST_KEY_UILaunchScreen_Generation = YES;
				INFOPLIST_KEY_UISupportedInterfaceOrientations_iPad = "UIInterfaceOrientationPortrait UIInterfaceOrientationPortraitUpsideDown UIInterfaceOrientationLandscapeLeft UIInterfaceOrientationLandscapeRight";
				INFOPLIST_KEY_UISupportedInterfaceOrientations_iPhone = "UIInterfaceOrientationPortrait UIInterfaceOrientationLandscapeLeft UIInterfaceOrientationLandscapeRight";
				LD_RUNPATH_SEARCH_PATHS = (
					"$(inherited)",
					"@executable_path/Frameworks",
				);
				MARKETING_VERSION = 0.2;
				PRODUCT_BUNDLE_IDENTIFIER = com.example.Golympians;
				PRODUCT_NAME = "$(TARGET_NAME)";
				PROVISIONING_PROFILE_SPECIFIER = "";
				SWIFT_EMIT_LOC_STRINGS = YES;
				SWIFT_VERSION = 5.0;
				TARGETED_DEVICE_FAMILY = "1,2";
			};
			name = Release;
		};
/* End XCBuildConfiguration section */

/* Begin XCConfigurationList section */
		372092122DAAFC8D00C19D81 /* Build configuration list for PBXNativeTarget "Golympians_Tests" */ = {
			isa = XCConfigurationList;
			buildConfigurations = (
				372092102DAAFC8D00C19D81 /* Debug */,
				372092112DAAFC8D00C19D81 /* Release */,
			);
			defaultConfigurationIsVisible = 0;
			defaultConfigurationName = Release;
		};
		37AE6E002D5D40810003C065 /* Build configuration list for PBXProject "Golympians" */ = {
			isa = XCConfigurationList;
			buildConfigurations = (
				37AE6E112D5D40820003C065 /* Debug */,
				37AE6E122D5D40820003C065 /* Release */,
			);
			defaultConfigurationIsVisible = 0;
			defaultConfigurationName = Release;
		};
		37AE6E132D5D40820003C065 /* Build configuration list for PBXNativeTarget "Golympians" */ = {
			isa = XCConfigurationList;
			buildConfigurations = (
				37AE6E142D5D40820003C065 /* Debug */,
				37AE6E152D5D40820003C065 /* Release */,
			);
			defaultConfigurationIsVisible = 0;
			defaultConfigurationName = Release;
		};
/* End XCConfigurationList section */

/* Begin XCRemoteSwiftPackageReference section */
		376A14512D6DEE55006292F8 /* XCRemoteSwiftPackageReference "firebase-ios-sdk" */ = {
			isa = XCRemoteSwiftPackageReference;
			repositoryURL = "https://github.com/firebase/firebase-ios-sdk";
			requirement = {
				kind = upToNextMajorVersion;
				minimumVersion = 11.8.1;
			};
		};
		37CDFCAA2D99E51A00A3226C /* XCRemoteSwiftPackageReference "GoogleSignIn-iOS" */ = {
			isa = XCRemoteSwiftPackageReference;
			repositoryURL = "https://github.com/google/GoogleSignIn-iOS.git";
			requirement = {
				kind = upToNextMajorVersion;
				minimumVersion = 8.0.0;
			};
		};
/* End XCRemoteSwiftPackageReference section */

/* Begin XCSwiftPackageProductDependency section */
		3758D5512E37CF4F00A13342 /* FirebaseStorage */ = {
			isa = XCSwiftPackageProductDependency;
			package = 376A14512D6DEE55006292F8 /* XCRemoteSwiftPackageReference "firebase-ios-sdk" */;
			productName = FirebaseStorage;
		};
		376A14522D6DEF01006292F8 /* FirebaseAnalytics */ = {
			isa = XCSwiftPackageProductDependency;
			package = 376A14512D6DEE55006292F8 /* XCRemoteSwiftPackageReference "firebase-ios-sdk" */;
			productName = FirebaseAnalytics;
		};
		376A14542D6DEF01006292F8 /* FirebaseAnalyticsWithoutAdIdSupport */ = {
			isa = XCSwiftPackageProductDependency;
			package = 376A14512D6DEE55006292F8 /* XCRemoteSwiftPackageReference "firebase-ios-sdk" */;
			productName = FirebaseAnalyticsWithoutAdIdSupport;
		};
		376A14562D6DEF01006292F8 /* FirebaseCore */ = {
			isa = XCSwiftPackageProductDependency;
			package = 376A14512D6DEE55006292F8 /* XCRemoteSwiftPackageReference "firebase-ios-sdk" */;
			productName = FirebaseCore;
		};
		37CDFC942D99DB5500A3226C /* FirebaseAuth */ = {
			isa = XCSwiftPackageProductDependency;
			package = 376A14512D6DEE55006292F8 /* XCRemoteSwiftPackageReference "firebase-ios-sdk" */;
			productName = FirebaseAuth;
		};
		37CDFC962D99DC0C00A3226C /* FirebaseFirestore */ = {
			isa = XCSwiftPackageProductDependency;
			package = 376A14512D6DEE55006292F8 /* XCRemoteSwiftPackageReference "firebase-ios-sdk" */;
			productName = FirebaseFirestore;
		};
		37CDFCAB2D99E51A00A3226C /* GoogleSignIn */ = {
			isa = XCSwiftPackageProductDependency;
			package = 37CDFCAA2D99E51A00A3226C /* XCRemoteSwiftPackageReference "GoogleSignIn-iOS" */;
			productName = GoogleSignIn;
		};
		37CDFCAD2D99E51A00A3226C /* GoogleSignInSwift */ = {
			isa = XCSwiftPackageProductDependency;
			package = 37CDFCAA2D99E51A00A3226C /* XCRemoteSwiftPackageReference "GoogleSignIn-iOS" */;
			productName = GoogleSignInSwift;
		};
/* End XCSwiftPackageProductDependency section */
	};
	rootObject = 37AE6DFD2D5D40810003C065 /* Project object */;
}
